{
    "_readme": [
        "This file locks the dependencies of your project to a known state",
        "Read more about it at https://getcomposer.org/doc/01-basic-usage.md#composer-lock-the-lock-file",
        "This file is @generated automatically"
    ],
    "content-hash": "f90961608ef5358bfda4a4a4d2cf499b",
    "packages": [
        {
            "name": "alchemy/zippy",
            "version": "0.3.5",
            "source": {
                "type": "git",
                "url": "https://github.com/alchemy-fr/Zippy.git",
                "reference": "92c773f7bbe47fdb30c61dbaea3dcbf4dd13a40a"
            },
            "dist": {
                "type": "zip",
                "url": "https://api.github.com/repos/alchemy-fr/Zippy/zipball/92c773f7bbe47fdb30c61dbaea3dcbf4dd13a40a",
                "reference": "92c773f7bbe47fdb30c61dbaea3dcbf4dd13a40a",
                "shasum": ""
            },
            "require": {
                "doctrine/collections": "~1.0",
                "ext-mbstring": "*",
                "php": ">=5.3.3",
                "symfony/filesystem": "^2.0.5|^3.0",
                "symfony/process": "^2.1|^3.0"
            },
            "require-dev": {
                "ext-zip": "*",
                "guzzle/guzzle": "~3.0",
                "phpunit/phpunit": "^4.0|^5.0",
                "symfony/finder": "^2.0.5|^3.0"
            },
            "suggest": {
                "ext-zip": "To use the ZipExtensionAdapter",
                "guzzle/guzzle": "To use the GuzzleTeleporter"
            },
            "type": "library",
            "extra": {
                "branch-alias": {
                    "dev-master": "0.2.x-dev"
                }
            },
            "autoload": {
                "psr-4": {
                    "Alchemy\\Zippy\\": "src/"
                }
            },
            "notification-url": "https://packagist.org/downloads/",
            "license": [
                "MIT"
            ],
            "authors": [
                {
                    "name": "Alchemy",
                    "email": "dev.team@alchemy.fr",
                    "homepage": "http://www.alchemy.fr/"
                }
            ],
            "description": "Zippy, the archive manager companion",
            "keywords": [
                "bzip",
                "compression",
                "tar",
                "zip"
            ],
            "time": "2016-02-15T22:46:40+00:00"
        },
        {
            "name": "doctrine/collections",
            "version": "v1.4.0",
            "source": {
                "type": "git",
                "url": "https://github.com/doctrine/collections.git",
                "reference": "1a4fb7e902202c33cce8c55989b945612943c2ba"
            },
            "dist": {
                "type": "zip",
                "url": "https://api.github.com/repos/doctrine/collections/zipball/1a4fb7e902202c33cce8c55989b945612943c2ba",
                "reference": "1a4fb7e902202c33cce8c55989b945612943c2ba",
                "shasum": ""
            },
            "require": {
                "php": "^5.6 || ^7.0"
            },
            "require-dev": {
                "doctrine/coding-standard": "~0.1@dev",
                "phpunit/phpunit": "^5.7"
            },
            "type": "library",
            "extra": {
                "branch-alias": {
                    "dev-master": "1.3.x-dev"
                }
            },
            "autoload": {
                "psr-0": {
                    "Doctrine\\Common\\Collections\\": "lib/"
                }
            },
            "notification-url": "https://packagist.org/downloads/",
            "license": [
                "MIT"
            ],
            "authors": [
                {
                    "name": "Roman Borschel",
                    "email": "roman@code-factory.org"
                },
                {
                    "name": "Benjamin Eberlei",
                    "email": "kontakt@beberlei.de"
                },
                {
                    "name": "Guilherme Blanco",
                    "email": "guilhermeblanco@gmail.com"
                },
                {
                    "name": "Jonathan Wage",
                    "email": "jonwage@gmail.com"
                },
                {
                    "name": "Johannes Schmitt",
                    "email": "schmittjoh@gmail.com"
                }
            ],
            "description": "Collections Abstraction library",
            "homepage": "http://www.doctrine-project.org",
            "keywords": [
                "array",
                "collections",
                "iterator"
            ],
            "time": "2017-01-03T10:49:41+00:00"
        },
        {
            "name": "frictionlessdata/datapackage",
            "version": "dev-pathfix",
            "source": {
                "type": "git",
                "url": "https://github.com/GnaritasInc/datapackage-php.git",
                "reference": "23583e1147d8c709bc81ac839f5f5123c2fe367d"
            },
            "dist": {
                "type": "zip",
                "url": "https://api.github.com/repos/GnaritasInc/datapackage-php/zipball/23583e1147d8c709bc81ac839f5f5123c2fe367d",
                "reference": "23583e1147d8c709bc81ac839f5f5123c2fe367d",
                "shasum": ""
            },
            "require": {
                "alchemy/zippy": "=0.3.5",
                "frictionlessdata/tableschema": "^0.1.6",
                "justinrainbow/json-schema": "^5.2",
                "php": ">=5.4"
            },
            "require-dev": {
                "phpunit/phpunit": "^4.8.35",
                "psy/psysh": "@stable",
                "satooshi/php-coveralls": "^1.0"
            },
            "type": "library",
            "autoload": {
                "psr-4": {
                    "frictionlessdata\\datapackage\\": "src/"
                }
            },
            "scripts": {
                "test": [
                    "phpunit --debug --coverage-clover coverage-clover.xml --bootstrap tests/autoload.php tests/"
                ],
                "update_registry": [
                    "php update_registry.php"
                ],
                "style-check": [
                    "./.install_cs_fixer.sh && ./php-cs-fixer fix --dry-run --verbose --diff"
                ],
                "style-fix": [
                    "./.install_cs_fixer.sh && ./php-cs-fixer fix --verbose"
                ]
            },
            "license": [
                "MIT"
            ],
            "description": "A utility library for working with Data Packages",
            "support": {
                "source": "https://github.com/GnaritasInc/datapackage-php/tree/pathfix"
            },
            "time": "2017-08-16 16:17:33"
        },
        {
            "name": "frictionlessdata/tableschema",
            "version": "v0.1.6",
            "source": {
                "type": "git",
                "url": "https://github.com/frictionlessdata/tableschema-php.git",
                "reference": "e46c3b84a91d6d0161b890030e0349cba555c333"
            },
            "dist": {
                "type": "zip",
                "url": "https://api.github.com/repos/frictionlessdata/tableschema-php/zipball/e46c3b84a91d6d0161b890030e0349cba555c333",
                "reference": "e46c3b84a91d6d0161b890030e0349cba555c333",
                "shasum": ""
            },
            "require": {
                "jmikola/geojson": "^1.0",
                "justinrainbow/json-schema": "^5.2",
                "nesbot/carbon": "^1.22",
                "php": ">=5.4"
            },
            "require-dev": {
                "phpunit/phpunit": "^4.8.35",
                "psy/psysh": "@stable",
                "satooshi/php-coveralls": "^1.0"
            },
            "type": "library",
            "autoload": {
                "psr-4": {
                    "frictionlessdata\\tableschema\\": "src/"
                }
            },
            "notification-url": "https://packagist.org/downloads/",
            "license": [
                "MIT"
            ],
            "description": "A utility library for working with Table Schema",
            "time": "2017-07-13T12:53:13+00:00"
        },
        {
            "name": "gnaritasinc/datapackage2sql",
            "version": "dev-master",
            "source": {
                "type": "git",
                "url": "https://github.com/GnaritasInc/datapackage2sql-php.git",
                "reference": "04820c3c5a487273e7b6dd6c32bb0f587642c4e8"
            },
            "dist": {
                "type": "zip",
                "url": "https://api.github.com/repos/GnaritasInc/datapackage2sql-php/zipball/04820c3c5a487273e7b6dd6c32bb0f587642c4e8",
                "reference": "04820c3c5a487273e7b6dd6c32bb0f587642c4e8",
                "shasum": ""
            },
            "type": "library",
            "autoload": {
                "psr-4": {
                    "gnaritasinc\\datapackage2sql\\": "src/"
                }
            },
            "license": [
                "MIT"
            ],
            "description": "PHP library for generating SQL from data packages.",
            "support": {
                "source": "https://github.com/GnaritasInc/datapackage2sql-php/tree/master",
                "issues": "https://github.com/GnaritasInc/datapackage2sql-php/issues"
            },
            "time": "2017-08-17 15:22:34"
        },
        {
            "name": "jmikola/geojson",
            "version": "1.0.2",
            "source": {
                "type": "git",
                "url": "https://github.com/jmikola/geojson.git",
                "reference": "6ec3016cc0215667b7775f6ead7bd0337ad66eee"
            },
            "dist": {
                "type": "zip",
                "url": "https://api.github.com/repos/jmikola/geojson/zipball/6ec3016cc0215667b7775f6ead7bd0337ad66eee",
                "reference": "6ec3016cc0215667b7775f6ead7bd0337ad66eee",
                "shasum": ""
            },
            "require": {
                "php": ">=5.3.3"
            },
            "require-dev": {
                "phpunit/phpunit": "~3.7"
            },
            "type": "library",
            "extra": {
                "branch-alias": {
                    "dev-master": "1.0-dev"
                }
            },
            "autoload": {
                "psr-0": {
                    "GeoJson\\": "src/"
                },
                "classmap": [
                    "stubs/"
                ]
            },
            "notification-url": "https://packagist.org/downloads/",
            "license": [
                "MIT"
            ],
            "authors": [
                {
                    "name": "Jeremy Mikola",
                    "email": "jmikola@gmail.com"
                }
            ],
            "description": "GeoJSON implementation for PHP",
            "homepage": "https://github.com/jmikola/geojson",
            "keywords": [
                "geo",
                "geojson",
                "geospatial"
            ],
            "time": "2015-09-27T15:35:21+00:00"
        },
        {
            "name": "justinrainbow/json-schema",
            "version": "5.2.1",
            "source": {
                "type": "git",
                "url": "https://github.com/justinrainbow/json-schema.git",
                "reference": "429be236f296ca249d61c65649cdf2652f4a5e80"
            },
            "dist": {
                "type": "zip",
                "url": "https://api.github.com/repos/justinrainbow/json-schema/zipball/429be236f296ca249d61c65649cdf2652f4a5e80",
                "reference": "429be236f296ca249d61c65649cdf2652f4a5e80",
                "shasum": ""
            },
            "require": {
                "php": ">=5.3.3"
            },
            "require-dev": {
                "friendsofphp/php-cs-fixer": "^2.1",
                "json-schema/json-schema-test-suite": "1.2.0",
                "phpdocumentor/phpdocumentor": "^2.7",
                "phpunit/phpunit": "^4.8.22"
            },
            "bin": [
                "bin/validate-json"
            ],
            "type": "library",
            "extra": {
                "branch-alias": {
                    "dev-master": "5.0.x-dev"
                }
            },
            "autoload": {
                "psr-4": {
                    "JsonSchema\\": "src/JsonSchema/"
                }
            },
            "notification-url": "https://packagist.org/downloads/",
            "license": [
                "MIT"
            ],
            "authors": [
                {
                    "name": "Bruno Prieto Reis",
                    "email": "bruno.p.reis@gmail.com"
                },
                {
                    "name": "Justin Rainbow",
                    "email": "justin.rainbow@gmail.com"
                },
                {
                    "name": "Igor Wiedler",
                    "email": "igor@wiedler.ch"
                },
                {
                    "name": "Robert Schönthal",
                    "email": "seroscho@googlemail.com"
                }
            ],
            "description": "A library to validate a json schema.",
            "homepage": "https://github.com/justinrainbow/json-schema",
            "keywords": [
                "json",
                "schema"
            ],
            "time": "2017-05-16T21:06:09+00:00"
        },
        {
            "name": "nesbot/carbon",
            "version": "1.22.1",
            "source": {
                "type": "git",
                "url": "https://github.com/briannesbitt/Carbon.git",
                "reference": "7cdf42c0b1cc763ab7e4c33c47a24e27c66bfccc"
            },
            "dist": {
                "type": "zip",
                "url": "https://api.github.com/repos/briannesbitt/Carbon/zipball/7cdf42c0b1cc763ab7e4c33c47a24e27c66bfccc",
                "reference": "7cdf42c0b1cc763ab7e4c33c47a24e27c66bfccc",
                "shasum": ""
            },
            "require": {
                "php": ">=5.3.0",
                "symfony/translation": "~2.6 || ~3.0"
            },
            "require-dev": {
                "friendsofphp/php-cs-fixer": "~2",
                "phpunit/phpunit": "~4.0 || ~5.0"
            },
            "type": "library",
            "extra": {
                "branch-alias": {
                    "dev-master": "1.23-dev"
                }
            },
            "autoload": {
                "psr-4": {
                    "Carbon\\": "src/Carbon/"
                }
            },
            "notification-url": "https://packagist.org/downloads/",
            "license": [
                "MIT"
            ],
            "authors": [
                {
                    "name": "Brian Nesbitt",
                    "email": "brian@nesbot.com",
                    "homepage": "http://nesbot.com"
                }
            ],
            "description": "A simple API extension for DateTime.",
            "homepage": "http://carbon.nesbot.com",
            "keywords": [
                "date",
                "datetime",
                "time"
            ],
            "time": "2017-01-16T07:55:07+00:00"
        },
        {
            "name": "symfony/filesystem",
            "version": "v3.3.6",
            "source": {
                "type": "git",
                "url": "https://github.com/symfony/filesystem.git",
                "reference": "427987eb4eed764c3b6e38d52a0f87989e010676"
            },
            "dist": {
                "type": "zip",
                "url": "https://api.github.com/repos/symfony/filesystem/zipball/427987eb4eed764c3b6e38d52a0f87989e010676",
                "reference": "427987eb4eed764c3b6e38d52a0f87989e010676",
                "shasum": ""
            },
            "require": {
                "php": ">=5.5.9"
            },
            "type": "library",
            "extra": {
                "branch-alias": {
                    "dev-master": "3.3-dev"
                }
            },
            "autoload": {
                "psr-4": {
                    "Symfony\\Component\\Filesystem\\": ""
                },
                "exclude-from-classmap": [
                    "/Tests/"
                ]
            },
            "notification-url": "https://packagist.org/downloads/",
            "license": [
                "MIT"
            ],
            "authors": [
                {
                    "name": "Fabien Potencier",
                    "email": "fabien@symfony.com"
                },
                {
                    "name": "Symfony Community",
                    "homepage": "https://symfony.com/contributors"
                }
            ],
            "description": "Symfony Filesystem Component",
            "homepage": "https://symfony.com",
            "time": "2017-07-11T07:17:58+00:00"
        },
        {
            "name": "symfony/polyfill-mbstring",
            "version": "v1.5.0",
            "source": {
                "type": "git",
                "url": "https://github.com/symfony/polyfill-mbstring.git",
                "reference": "7c8fae0ac1d216eb54349e6a8baa57d515fe8803"
            },
            "dist": {
                "type": "zip",
                "url": "https://api.github.com/repos/symfony/polyfill-mbstring/zipball/7c8fae0ac1d216eb54349e6a8baa57d515fe8803",
                "reference": "7c8fae0ac1d216eb54349e6a8baa57d515fe8803",
                "shasum": ""
            },
            "require": {
                "php": ">=5.3.3"
            },
            "suggest": {
                "ext-mbstring": "For best performance"
            },
            "type": "library",
            "extra": {
                "branch-alias": {
                    "dev-master": "1.5-dev"
                }
            },
            "autoload": {
                "psr-4": {
                    "Symfony\\Polyfill\\Mbstring\\": ""
                },
                "files": [
                    "bootstrap.php"
                ]
            },
            "notification-url": "https://packagist.org/downloads/",
            "license": [
                "MIT"
            ],
            "authors": [
                {
                    "name": "Nicolas Grekas",
                    "email": "p@tchwork.com"
                },
                {
                    "name": "Symfony Community",
                    "homepage": "https://symfony.com/contributors"
                }
            ],
            "description": "Symfony polyfill for the Mbstring extension",
            "homepage": "https://symfony.com",
            "keywords": [
                "compatibility",
                "mbstring",
                "polyfill",
                "portable",
                "shim"
            ],
            "time": "2017-06-14T15:44:48+00:00"
        },
        {
            "name": "symfony/process",
            "version": "v3.3.6",
            "source": {
                "type": "git",
                "url": "https://github.com/symfony/process.git",
                "reference": "07432804942b9f6dd7b7377faf9920af5f95d70a"
            },
            "dist": {
                "type": "zip",
                "url": "https://api.github.com/repos/symfony/process/zipball/07432804942b9f6dd7b7377faf9920af5f95d70a",
                "reference": "07432804942b9f6dd7b7377faf9920af5f95d70a",
                "shasum": ""
            },
            "require": {
                "php": ">=5.5.9"
            },
            "type": "library",
            "extra": {
                "branch-alias": {
                    "dev-master": "3.3-dev"
                }
            },
            "autoload": {
                "psr-4": {
                    "Symfony\\Component\\Process\\": ""
                },
                "exclude-from-classmap": [
                    "/Tests/"
                ]
            },
            "notification-url": "https://packagist.org/downloads/",
            "license": [
                "MIT"
            ],
            "authors": [
                {
                    "name": "Fabien Potencier",
                    "email": "fabien@symfony.com"
                },
                {
                    "name": "Symfony Community",
                    "homepage": "https://symfony.com/contributors"
                }
            ],
            "description": "Symfony Process Component",
            "homepage": "https://symfony.com",
            "time": "2017-07-13T13:05:09+00:00"
        },
        {
            "name": "symfony/translation",
            "version": "v3.3.6",
            "source": {
                "type": "git",
                "url": "https://github.com/symfony/translation.git",
                "reference": "35dd5fb003c90e8bd4d8cabdf94bf9c96d06fdc3"
            },
            "dist": {
                "type": "zip",
                "url": "https://api.github.com/repos/symfony/translation/zipball/35dd5fb003c90e8bd4d8cabdf94bf9c96d06fdc3",
                "reference": "35dd5fb003c90e8bd4d8cabdf94bf9c96d06fdc3",
                "shasum": ""
            },
            "require": {
                "php": ">=5.5.9",
                "symfony/polyfill-mbstring": "~1.0"
            },
            "conflict": {
                "symfony/config": "<2.8",
                "symfony/yaml": "<3.3"
            },
            "require-dev": {
                "psr/log": "~1.0",
                "symfony/config": "~2.8|~3.0",
                "symfony/intl": "^2.8.18|^3.2.5",
                "symfony/yaml": "~3.3"
            },
            "suggest": {
                "psr/log": "To use logging capability in translator",
                "symfony/config": "",
                "symfony/yaml": ""
            },
            "type": "library",
            "extra": {
                "branch-alias": {
                    "dev-master": "3.3-dev"
                }
            },
            "autoload": {
                "psr-4": {
                    "Symfony\\Component\\Translation\\": ""
                },
                "exclude-from-classmap": [
                    "/Tests/"
                ]
            },
            "notification-url": "https://packagist.org/downloads/",
            "license": [
                "MIT"
            ],
            "authors": [
                {
                    "name": "Fabien Potencier",
                    "email": "fabien@symfony.com"
                },
                {
                    "name": "Symfony Community",
                    "homepage": "https://symfony.com/contributors"
                }
            ],
            "description": "Symfony Translation Component",
            "homepage": "https://symfony.com",
            "time": "2017-06-24T16:45:30+00:00"
        }
    ],
    "packages-dev": [],
    "aliases": [],
    "minimum-stability": "stable",
    "stability-flags": {
        "frictionlessdata/datapackage": 20,
        "gnaritasinc/datapackage2sql": 20
    },
    "prefer-stable": false,
    "prefer-lowest": false,
    "platform": [],
    "platform-dev": []
}
